// !$*UTF8*$!
{
	archiveVersion = 1;
	classes = {
	};
	objectVersion = 48;
	objects = {

/* Begin PBXBuildFile section */
		1F25A0431FCFEBFF00BF70A3 /* AppDelegate.m in Sources */ = {isa = PBXBuildFile; fileRef = 1F25A0421FCFEBFF00BF70A3 /* AppDelegate.m */; };
		1F25A0461FCFEBFF00BF70A3 /* ViewController.m in Sources */ = {isa = PBXBuildFile; fileRef = 1F25A0451FCFEBFF00BF70A3 /* ViewController.m */; };
		1F25A0491FCFEBFF00BF70A3 /* Main.storyboard in Resources */ = {isa = PBXBuildFile; fileRef = 1F25A0471FCFEBFF00BF70A3 /* Main.storyboard */; };
		1F25A04B1FCFEBFF00BF70A3 /* Assets.xcassets in Resources */ = {isa = PBXBuildFile; fileRef = 1F25A04A1FCFEBFF00BF70A3 /* Assets.xcassets */; };
		1F25A04E1FCFEBFF00BF70A3 /* LaunchScreen.storyboard in Resources */ = {isa = PBXBuildFile; fileRef = 1F25A04C1FCFEBFF00BF70A3 /* LaunchScreen.storyboard */; };
		1F25A0511FCFEBFF00BF70A3 /* main.m in Sources */ = {isa = PBXBuildFile; fileRef = 1F25A0501FCFEBFF00BF70A3 /* main.m */; };
		1F25A05B1FCFEBFF00BF70A3 /* CalHeightDemoTests.m in Sources */ = {isa = PBXBuildFile; fileRef = 1F25A05A1FCFEBFF00BF70A3 /* CalHeightDemoTests.m */; };
		1F25A0661FCFEBFF00BF70A3 /* CalHeightDemoUITests.m in Sources */ = {isa = PBXBuildFile; fileRef = 1F25A0651FCFEBFF00BF70A3 /* CalHeightDemoUITests.m */; };
		1F25A0761FCFF18200BF70A3 /* NSString+CalHeight.m in Sources */ = {isa = PBXBuildFile; fileRef = 1F25A0751FCFF18200BF70A3 /* NSString+CalHeight.m */; };
/* End PBXBuildFile section */

/* Begin PBXContainerItemProxy section */
		1F25A0571FCFEBFF00BF70A3 /* PBXContainerItemProxy */ = {
			isa = PBXContainerItemProxy;
			containerPortal = 1F25A0361FCFEBFF00BF70A3 /* Project object */;
			proxyType = 1;
			remoteGlobalIDString = 1F25A03D1FCFEBFF00BF70A3;
			remoteInfo = CalHeightDemo;
		};
		1F25A0621FCFEBFF00BF70A3 /* PBXContainerItemProxy */ = {
			isa = PBXContainerItemProxy;
			containerPortal = 1F25A0361FCFEBFF00BF70A3 /* Project object */;
			proxyType = 1;
			remoteGlobalIDString = 1F25A03D1FCFEBFF00BF70A3;
			remoteInfo = CalHeightDemo;
		};
/* End PBXContainerItemProxy section */

/* Begin PBXFileReference section */
		1F25A03E1FCFEBFF00BF70A3 /* CalHeightDemo.app */ = {isa = PBXFileReference; explicitFileType = wrapper.application; includeInIndex = 0; path = CalHeightDemo.app; sourceTree = BUILT_PRODUCTS_DIR; };
		1F25A0411FCFEBFF00BF70A3 /* AppDelegate.h */ = {isa = PBXFileReference; lastKnownFileType = sourcecode.c.h; path = AppDelegate.h; sourceTree = "<group>"; };
		1F25A0421FCFEBFF00BF70A3 /* AppDelegate.m */ = {isa = PBXFileReference; lastKnownFileType = sourcecode.c.objc; path = AppDelegate.m; sourceTree = "<group>"; };
		1F25A0441FCFEBFF00BF70A3 /* ViewController.h */ = {isa = PBXFileReference; lastKnownFileType = sourcecode.c.h; path = ViewController.h; sourceTree = "<group>"; };
		1F25A0451FCFEBFF00BF70A3 /* ViewController.m */ = {isa = PBXFileReference; lastKnownFileType = sourcecode.c.objc; path = ViewController.m; sourceTree = "<group>"; };
		1F25A0481FCFEBFF00BF70A3 /* Base */ = {isa = PBXFileReference; lastKnownFileType = file.storyboard; name = Base; path = Base.lproj/Main.storyboard; sourceTree = "<group>"; };
		1F25A04A1FCFEBFF00BF70A3 /* Assets.xcassets */ = {isa = PBXFileReference; lastKnownFileType = folder.assetcatalog; path = Assets.xcassets; sourceTree = "<group>"; };
		1F25A04D1FCFEBFF00BF70A3 /* Base */ = {isa = PBXFileReference; lastKnownFileType = file.storyboard; name = Base; path = Base.lproj/LaunchScreen.storyboard; sourceTree = "<group>"; };
		1F25A04F1FCFEBFF00BF70A3 /* Info.plist */ = {isa = PBXFileReference; lastKnownFileType = text.plist.xml; path = Info.plist; sourceTree = "<group>"; };
		1F25A0501FCFEBFF00BF70A3 /* main.m */ = {isa = PBXFileReference; lastKnownFileType = sourcecode.c.objc; path = main.m; sourceTree = "<group>"; };
		1F25A0561FCFEBFF00BF70A3 /* CalHeightDemoTests.xctest */ = {isa = PBXFileReference; explicitFileType = wrapper.cfbundle; includeInIndex = 0; path = CalHeightDemoTests.xctest; sourceTree = BUILT_PRODUCTS_DIR; };
		1F25A05A1FCFEBFF00BF70A3 /* CalHeightDemoTests.m */ = {isa = PBXFileReference; lastKnownFileType = sourcecode.c.objc; path = CalHeightDemoTests.m; sourceTree = "<group>"; };
		1F25A05C1FCFEBFF00BF70A3 /* Info.plist */ = {isa = PBXFileReference; lastKnownFileType = text.plist.xml; path = Info.plist; sourceTree = "<group>"; };
		1F25A0611FCFEBFF00BF70A3 /* CalHeightDemoUITests.xctest */ = {isa = PBXFileReference; explicitFileType = wrapper.cfbundle; includeInIndex = 0; path = CalHeightDemoUITests.xctest; sourceTree = BUILT_PRODUCTS_DIR; };
		1F25A0651FCFEBFF00BF70A3 /* CalHeightDemoUITests.m */ = {isa = PBXFileReference; lastKnownFileType = sourcecode.c.objc; path = CalHeightDemoUITests.m; sourceTree = "<group>"; };
		1F25A0671FCFEBFF00BF70A3 /* Info.plist */ = {isa = PBXFileReference; lastKnownFileType = text.plist.xml; path = Info.plist; sourceTree = "<group>"; };
		1F25A0741FCFF18200BF70A3 /* NSString+CalHeight.h */ = {isa = PBXFileReference; lastKnownFileType = sourcecode.c.h; path = "NSString+CalHeight.h"; sourceTree = "<group>"; };
		1F25A0751FCFF18200BF70A3 /* NSString+CalHeight.m */ = {isa = PBXFileReference; lastKnownFileType = sourcecode.c.objc; path = "NSString+CalHeight.m"; sourceTree = "<group>"; };
/* End PBXFileReference section */

/* Begin PBXFrameworksBuildPhase section */
		1F25A03B1FCFEBFF00BF70A3 /* Frameworks */ = {
			isa = PBXFrameworksBuildPhase;
			buildActionMask = 2147483647;
			files = (
			);
			runOnlyForDeploymentPostprocessing = 0;
		};
		1F25A0531FCFEBFF00BF70A3 /* Frameworks */ = {
			isa = PBXFrameworksBuildPhase;
			buildActionMask = 2147483647;
			files = (
			);
			runOnlyForDeploymentPostprocessing = 0;
		};
		1F25A05E1FCFEBFF00BF70A3 /* Frameworks */ = {
			isa = PBXFrameworksBuildPhase;
			buildActionMask = 2147483647;
			files = (
			);
			runOnlyForDeploymentPostprocessing = 0;
		};
/* End PBXFrameworksBuildPhase section */

/* Begin PBXGroup section */
		1F25A0351FCFEBFF00BF70A3 = {
			isa = PBXGroup;
			children = (
				1F25A0401FCFEBFF00BF70A3 /* CalHeightDemo */,
				1F25A0591FCFEBFF00BF70A3 /* CalHeightDemoTests */,
				1F25A0641FCFEBFF00BF70A3 /* CalHeightDemoUITests */,
				1F25A03F1FCFEBFF00BF70A3 /* Products */,
			);
			sourceTree = "<group>";
		};
		1F25A03F1FCFEBFF00BF70A3 /* Products */ = {
			isa = PBXGroup;
			children = (
				1F25A03E1FCFEBFF00BF70A3 /* CalHeightDemo.app */,
				1F25A0561FCFEBFF00BF70A3 /* CalHeightDemoTests.xctest */,
				1F25A0611FCFEBFF00BF70A3 /* CalHeightDemoUITests.xctest */,
			);
			name = Products;
			sourceTree = "<group>";
		};
		1F25A0401FCFEBFF00BF70A3 /* CalHeightDemo */ = {
			isa = PBXGroup;
			children = (
				1F25A0411FCFEBFF00BF70A3 /* AppDelegate.h */,
				1F25A0421FCFEBFF00BF70A3 /* AppDelegate.m */,
				1F25A0441FCFEBFF00BF70A3 /* ViewController.h */,
				1F25A0451FCFEBFF00BF70A3 /* ViewController.m */,
				1F25A0471FCFEBFF00BF70A3 /* Main.storyboard */,
				1F25A04A1FCFEBFF00BF70A3 /* Assets.xcassets */,
				1F25A04C1FCFEBFF00BF70A3 /* LaunchScreen.storyboard */,
				1F25A04F1FCFEBFF00BF70A3 /* Info.plist */,
				1F25A0501FCFEBFF00BF70A3 /* main.m */,
				1F25A0731FCFF14800BF70A3 /* CateGory */,
			);
			path = CalHeightDemo;
			sourceTree = "<group>";
		};
		1F25A0591FCFEBFF00BF70A3 /* CalHeightDemoTests */ = {
			isa = PBXGroup;
			children = (
				1F25A05A1FCFEBFF00BF70A3 /* CalHeightDemoTests.m */,
				1F25A05C1FCFEBFF00BF70A3 /* Info.plist */,
			);
			path = CalHeightDemoTests;
			sourceTree = "<group>";
		};
		1F25A0641FCFEBFF00BF70A3 /* CalHeightDemoUITests */ = {
			isa = PBXGroup;
			children = (
				1F25A0651FCFEBFF00BF70A3 /* CalHeightDemoUITests.m */,
				1F25A0671FCFEBFF00BF70A3 /* Info.plist */,
			);
			path = CalHeightDemoUITests;
			sourceTree = "<group>";
		};
		1F25A0731FCFF14800BF70A3 /* CateGory */ = {
			isa = PBXGroup;
			children = (
				1F25A0741FCFF18200BF70A3 /* NSString+CalHeight.h */,
				1F25A0751FCFF18200BF70A3 /* NSString+CalHeight.m */,
			);
			path = CateGory;
			sourceTree = "<group>";
		};
/* End PBXGroup section */

/* Begin PBXNativeTarget section */
		1F25A03D1FCFEBFF00BF70A3 /* CalHeightDemo */ = {
			isa = PBXNativeTarget;
			buildConfigurationList = 1F25A06A1FCFEBFF00BF70A3 /* Build configuration list for PBXNativeTarget "CalHeightDemo" */;
			buildPhases = (
				1F25A03A1FCFEBFF00BF70A3 /* Sources */,
				1F25A03B1FCFEBFF00BF70A3 /* Frameworks */,
				1F25A03C1FCFEBFF00BF70A3 /* Resources */,
			);
			buildRules = (
			);
			dependencies = (
			);
			name = CalHeightDemo;
			productName = CalHeightDemo;
			productReference = 1F25A03E1FCFEBFF00BF70A3 /* CalHeightDemo.app */;
			productType = "com.apple.product-type.application";
		};
		1F25A0551FCFEBFF00BF70A3 /* CalHeightDemoTests */ = {
			isa = PBXNativeTarget;
			buildConfigurationList = 1F25A06D1FCFEBFF00BF70A3 /* Build configuration list for PBXNativeTarget "CalHeightDemoTests" */;
			buildPhases = (
				1F25A0521FCFEBFF00BF70A3 /* Sources */,
				1F25A0531FCFEBFF00BF70A3 /* Frameworks */,
				1F25A0541FCFEBFF00BF70A3 /* Resources */,
			);
			buildRules = (
			);
			dependencies = (
				1F25A0581FCFEBFF00BF70A3 /* PBXTargetDependency */,
			);
			name = CalHeightDemoTests;
			productName = CalHeightDemoTests;
			productReference = 1F25A0561FCFEBFF00BF70A3 /* CalHeightDemoTests.xctest */;
			productType = "com.apple.product-type.bundle.unit-test";
		};
		1F25A0601FCFEBFF00BF70A3 /* CalHeightDemoUITests */ = {
			isa = PBXNativeTarget;
			buildConfigurationList = 1F25A0701FCFEBFF00BF70A3 /* Build configuration list for PBXNativeTarget "CalHeightDemoUITests" */;
			buildPhases = (
				1F25A05D1FCFEBFF00BF70A3 /* Sources */,
				1F25A05E1FCFEBFF00BF70A3 /* Frameworks */,
				1F25A05F1FCFEBFF00BF70A3 /* Resources */,
			);
			buildRules = (
			);
			dependencies = (
				1F25A0631FCFEBFF00BF70A3 /* PBXTargetDependency */,
			);
			name = CalHeightDemoUITests;
			productName = CalHeightDemoUITests;
			productReference = 1F25A0611FCFEBFF00BF70A3 /* CalHeightDemoUITests.xctest */;
			productType = "com.apple.product-type.bundle.ui-testing";
		};
/* End PBXNativeTarget section */

/* Begin PBXProject section */
		1F25A0361FCFEBFF00BF70A3 /* Project object */ = {
			isa = PBXProject;
			attributes = {
				LastUpgradeCheck = 0910;
				ORGANIZATIONNAME = "孙巧巧";
				TargetAttributes = {
					1F25A03D1FCFEBFF00BF70A3 = {
						CreatedOnToolsVersion = 9.1;
						ProvisioningStyle = Automatic;
					};
					1F25A0551FCFEBFF00BF70A3 = {
						CreatedOnToolsVersion = 9.1;
						ProvisioningStyle = Automatic;
						TestTargetID = 1F25A03D1FCFEBFF00BF70A3;
					};
					1F25A0601FCFEBFF00BF70A3 = {
						CreatedOnToolsVersion = 9.1;
						ProvisioningStyle = Automatic;
						TestTargetID = 1F25A03D1FCFEBFF00BF70A3;
					};
				};
			};
			buildConfigurationList = 1F25A0391FCFEBFF00BF70A3 /* Build configuration list for PBXProject "CalHeightDemo" */;
			compatibilityVersion = "Xcode 8.0";
			developmentRegion = en;
			hasScannedForEncodings = 0;
			knownRegions = (
				en,
				Base,
			);
			mainGroup = 1F25A0351FCFEBFF00BF70A3;
			productRefGroup = 1F25A03F1FCFEBFF00BF70A3 /* Products */;
			projectDirPath = "";
			projectRoot = "";
			targets = (
				1F25A03D1FCFEBFF00BF70A3 /* CalHeightDemo */,
				1F25A0551FCFEBFF00BF70A3 /* CalHeightDemoTests */,
				1F25A0601FCFEBFF00BF70A3 /* CalHeightDemoUITests */,
			);
		};
/* End PBXProject section */

/* Begin PBXResourcesBuildPhase section */
		1F25A03C1FCFEBFF00BF70A3 /* Resources */ = {
			isa = PBXResourcesBuildPhase;
			buildActionMask = 2147483647;
			files = (
				1F25A04E1FCFEBFF00BF70A3 /* LaunchScreen.storyboard in Resources */,
				1F25A04B1FCFEBFF00BF70A3 /* Assets.xcassets in Resources */,
				1F25A0491FCFEBFF00BF70A3 /* Main.storyboard in Resources */,
			);
			runOnlyForDeploymentPostprocessing = 0;
		};
		1F25A0541FCFEBFF00BF70A3 /* Resources */ = {
			isa = PBXResourcesBuildPhase;
			buildActionMask = 2147483647;
			files = (
			);
			runOnlyForDeploymentPostprocessing = 0;
		};
		1F25A05F1FCFEBFF00BF70A3 /* Resources */ = {
			isa = PBXResourcesBuildPhase;
			buildActionMask = 2147483647;
			files = (
			);
			runOnlyForDeploymentPostprocessing = 0;
		};
/* End PBXResourcesBuildPhase section */

/* Begin PBXSourcesBuildPhase section */
		1F25A03A1FCFEBFF00BF70A3 /* Sources */ = {
			isa = PBXSourcesBuildPhase;
			buildActionMask = 2147483647;
			files = (
				1F25A0461FCFEBFF00BF70A3 /* ViewController.m in Sources */,
				1F25A0511FCFEBFF00BF70A3 /* main.m in Sources */,
				1F25A0431FCFEBFF00BF70A3 /* AppDelegate.m in Sources */,
				1F25A0761FCFF18200BF70A3 /* NSString+CalHeight.m in Sources */,
			);
			runOnlyForDeploymentPostprocessing = 0;
		};
		1F25A0521FCFEBFF00BF70A3 /* Sources */ = {
			isa = PBXSourcesBuildPhase;
			buildActionMask = 2147483647;
			files = (
				1F25A05B1FCFEBFF00BF70A3 /* CalHeightDemoTests.m in Sources */,
			);
			runOnlyForDeploymentPostprocessing = 0;
		};
		1F25A05D1FCFEBFF00BF70A3 /* Sources */ = {
			isa = PBXSourcesBuildPhase;
			buildActionMask = 2147483647;
			files = (
				1F25A0661FCFEBFF00BF70A3 /* CalHeightDemoUITests.m in Sources */,
			);
			runOnlyForDeploymentPostprocessing = 0;
		};
/* End PBXSourcesBuildPhase section */

/* Begin PBXTargetDependency section */
		1F25A0581FCFEBFF00BF70A3 /* PBXTargetDependency */ = {
			isa = PBXTargetDependency;
			target = 1F25A03D1FCFEBFF00BF70A3 /* CalHeightDemo */;
			targetProxy = 1F25A0571FCFEBFF00BF70A3 /* PBXContainerItemProxy */;
		};
		1F25A0631FCFEBFF00BF70A3 /* PBXTargetDependency */ = {
			isa = PBXTargetDependency;
			target = 1F25A03D1FCFEBFF00BF70A3 /* CalHeightDemo */;
			targetProxy = 1F25A0621FCFEBFF00BF70A3 /* PBXContainerItemProxy */;
		};
/* End PBXTargetDependency section */

/* Begin PBXVariantGroup section */
		1F25A0471FCFEBFF00BF70A3 /* Main.storyboard */ = {
			isa = PBXVariantGroup;
			children = (
				1F25A0481FCFEBFF00BF70A3 /* Base */,
			);
			name = Main.storyboard;
			sourceTree = "<group>";
		};
		1F25A04C1FCFEBFF00BF70A3 /* LaunchScreen.storyboard */ = {
			isa = PBXVariantGroup;
			children = (
				1F25A04D1FCFEBFF00BF70A3 /* Base */,
			);
			name = LaunchScreen.storyboard;
			sourceTree = "<group>";
		};
/* End PBXVariantGroup section */

/* Begin XCBuildConfiguration section */
		1F25A0681FCFEBFF00BF70A3 /* Debug */ = {
			isa = XCBuildConfiguration;
			buildSettings = {
				ALWAYS_SEARCH_USER_PATHS = NO;
				CLANG_ANALYZER_NONNULL = YES;
				CLANG_ANALYZER_NUMBER_OBJECT_CONVERSION = YES_AGGRESSIVE;
				CLANG_CXX_LANGUAGE_STANDARD = "gnu++14";
				CLANG_CXX_LIBRARY = "libc++";
				CLANG_ENABLE_MODULES = YES;
				CLANG_ENABLE_OBJC_ARC = YES;
				CLANG_WARN_BLOCK_CAPTURE_AUTORELEASING = YES;
				CLANG_WARN_BOOL_CONVERSION = YES;
				CLANG_WARN_COMMA = YES;
				CLANG_WARN_CONSTANT_CONVERSION = YES;
				CLANG_WARN_DIRECT_OBJC_ISA_USAGE = YES_ERROR;
				CLANG_WARN_DOCUMENTATION_COMMENTS = YES;
				CLANG_WARN_EMPTY_BODY = YES;
				CLANG_WARN_ENUM_CONVERSION = YES;
				CLANG_WARN_INFINITE_RECURSION = YES;
				CLANG_WARN_INT_CONVERSION = YES;
				CLANG_WARN_NON_LITERAL_NULL_CONVERSION = YES;
				CLANG_WARN_OBJC_LITERAL_CONVERSION = YES;
				CLANG_WARN_OBJC_ROOT_CLASS = YES_ERROR;
				CLANG_WARN_RANGE_LOOP_ANALYSIS = YES;
				CLANG_WARN_STRICT_PROTOTYPES = YES;
				CLANG_WARN_SUSPICIOUS_MOVE = YES;
				CLANG_WARN_UNGUARDED_AVAILABILITY = YES_AGGRESSIVE;
				CLANG_WARN_UNREACHABLE_CODE = YES;
				CLANG_WARN__DUPLICATE_METHOD_MATCH = YES;
				CODE_SIGN_IDENTITY = "iPhone Developer";
				COPY_PHASE_STRIP = NO;
				DEBUG_INFORMATION_FORMAT = dwarf;
				ENABLE_STRICT_OBJC_MSGSEND = YES;
				ENABLE_TESTABILITY = YES;
				GCC_C_LANGUAGE_STANDARD = gnu11;
				GCC_DYNAMIC_NO_PIC = NO;
				GCC_NO_COMMON_BLOCKS = YES;
				GCC_OPTIMIZATION_LEVEL = 0;
				GCC_PREPROCESSOR_DEFINITIONS = (
					"DEBUG=1",
					"$(inherited)",
				);
				GCC_WARN_64_TO_32_BIT_CONVERSION = YES;
				GCC_WARN_ABOUT_RETURN_TYPE = YES_ERROR;
				GCC_WARN_UNDECLARED_SELECTOR = YES;
				GCC_WARN_UNINITIALIZED_AUTOS = YES_AGGRESSIVE;
				GCC_WARN_UNUSED_FUNCTION = YES;
				GCC_WARN_UNUSED_VARIABLE = YES;
				IPHONEOS_DEPLOYMENT_TARGET = 11.1;
				MTL_ENABLE_DEBUG_INFO = YES;
				ONLY_ACTIVE_ARCH = YES;
				SDKROOT = iphoneos;
			};
			name = Debug;
		};
		1F25A0691FCFEBFF00BF70A3 /* Release */ = {
			isa = XCBuildConfiguration;
			buildSettings = {
				ALWAYS_SEARCH_USER_PATHS = NO;
				CLANG_ANALYZER_NONNULL = YES;
				CLANG_ANALYZER_NUMBER_OBJECT_CONVERSION = YES_AGGRESSIVE;
				CLANG_CXX_LANGUAGE_STANDARD = "gnu++14";
				CLANG_CXX_LIBRARY = "libc++";
				CLANG_ENABLE_MODULES = YES;
				CLANG_ENABLE_OBJC_ARC = YES;
				CLANG_WARN_BLOCK_CAPTURE_AUTORELEASING = YES;
				CLANG_WARN_BOOL_CONVERSION = YES;
				CLANG_WARN_COMMA = YES;
				CLANG_WARN_CONSTANT_CONVERSION = YES;
				CLANG_WARN_DIRECT_OBJC_ISA_USAGE = YES_ERROR;
				CLANG_WARN_DOCUMENTATION_COMMENTS = YES;
				CLANG_WARN_EMPTY_BODY = YES;
				CLANG_WARN_ENUM_CONVERSION = YES;
				CLANG_WARN_INFINITE_RECURSION = YES;
				CLANG_WARN_INT_CONVERSION = YES;
				CLANG_WARN_NON_LITERAL_NULL_CONVERSION = YES;
				CLANG_WARN_OBJC_LITERAL_CONVERSION = YES;
				CLANG_WARN_OBJC_ROOT_CLASS = YES_ERROR;
				CLANG_WARN_RANGE_LOOP_ANALYSIS = YES;
				CLANG_WARN_STRICT_PROTOTYPES = YES;
				CLANG_WARN_SUSPICIOUS_MOVE = YES;
				CLANG_WARN_UNGUARDED_AVAILABILITY = YES_AGGRESSIVE;
				CLANG_WARN_UNREACHABLE_CODE = YES;
				CLANG_WARN__DUPLICATE_METHOD_MATCH = YES;
				CODE_SIGN_IDENTITY = "iPhone Developer";
				COPY_PHASE_STRIP = NO;
				DEBUG_INFORMATION_FORMAT = "dwarf-with-dsym";
				ENABLE_NS_ASSERTIONS = NO;
				ENABLE_STRICT_OBJC_MSGSEND = YES;
				GCC_C_LANGUAGE_STANDARD = gnu11;
				GCC_NO_COMMON_BLOCKS = YES;
				GCC_WARN_64_TO_32_BIT_CONVERSION = YES;
				GCC_WARN_ABOUT_RETURN_TYPE = YES_ERROR;
				GCC_WARN_UNDECLARED_SELECTOR = YES;
				GCC_WARN_UNINITIALIZED_AUTOS = YES_AGGRESSIVE;
				GCC_WARN_UNUSED_FUNCTION = YES;
				GCC_WARN_UNUSED_VARIABLE = YES;
				IPHONEOS_DEPLOYMENT_TARGET = 11.1;
				MTL_ENABLE_DEBUG_INFO = NO;
				SDKROOT = iphoneos;
				VALIDATE_PRODUCT = YES;
			};
			name = Release;
		};
		1F25A06B1FCFEBFF00BF70A3 /* Debug */ = {
			isa = XCBuildConfiguration;
			buildSettings = {
				ASSETCATALOG_COMPILER_APPICON_NAME = AppIcon;
				CODE_SIGN_STYLE = Automatic;
				INFOPLIST_FILE = CalHeightDemo/Info.plist;
				LD_RUNPATH_SEARCH_PATHS = "$(inherited) @executable_path/Frameworks";
				PRODUCT_BUNDLE_IDENTIFIER = xiaozishenghuo.CalHeightDemo;
				PRODUCT_NAME = "$(TARGET_NAME)";
				TARGETED_DEVICE_FAMILY = "1,2";
			};
			name = Debug;
		};
		1F25A06C1FCFEBFF00BF70A3 /* Release */ = {
			isa = XCBuildConfiguration;
			buildSettings = {
				ASSETCATALOG_COMPILER_APPICON_NAME = AppIcon;
				CODE_SIGN_STYLE = Automatic;
				INFOPLIST_FILE = CalHeightDemo/Info.plist;
				LD_RUNPATH_SEARCH_PATHS = "$(inherited) @executable_path/Frameworks";
				PRODUCT_BUNDLE_IDENTIFIER = xiaozishenghuo.CalHeightDemo;
				PRODUCT_NAME = "$(TARGET_NAME)";
				TARGETED_DEVICE_FAMILY = "1,2";
			};
			name = Release;
		};
		1F25A06E1FCFEBFF00BF70A3 /* Debug */ = {
			isa = XCBuildConfiguration;
			buildSettings = {
				BUNDLE_LOADER = "$(TEST_HOST)";
				CODE_SIGN_STYLE = Automatic;
				INFOPLIST_FILE = CalHeightDemoTests/Info.plist;
				LD_RUNPATH_SEARCH_PATHS = "$(inherited) @executable_path/Frameworks @loader_path/Frameworks";
				PRODUCT_BUNDLE_IDENTIFIER = xiaozishenghuo.CalHeightDemoTests;
				PRODUCT_NAME = "$(TARGET_NAME)";
				TARGETED_DEVICE_FAMILY = "1,2";
				TEST_HOST = "$(BUILT_PRODUCTS_DIR)/CalHeightDemo.app/CalHeightDemo";
			};
			name = Debug;
		};
		1F25A06F1FCFEBFF00BF70A3 /* Release */ = {
			isa = XCBuildConfiguration;
			buildSettings = {
				BUNDLE_LOADER = "$(TEST_HOST)";
				CODE_SIGN_STYLE = Automatic;
				INFOPLIST_FILE = CalHeightDemoTests/Info.plist;
				LD_RUNPATH_SEARCH_PATHS = "$(inherited) @executable_path/Frameworks @loader_path/Frameworks";
				PRODUCT_BUNDLE_IDENTIFIER = xiaozishenghuo.CalHeightDemoTests;
				PRODUCT_NAME = "$(TARGET_NAME)";
				TARGETED_DEVICE_FAMILY = "1,2";
				TEST_HOST = "$(BUILT_PRODUCTS_DIR)/CalHeightDemo.app/CalHeightDemo";
			};
			name = Release;
		};
		1F25A0711FCFEBFF00BF70A3 /* Debug */ = {
			isa = XCBuildConfiguration;
			buildSettings = {
				CODE_SIGN_STYLE = Automatic;
				INFOPLIST_FILE = CalHeightDemoUITests/Info.plist;
				LD_RUNPATH_SEARCH_PATHS = "$(inherited) @executable_path/Frameworks @loader_path/Frameworks";
				PRODUCT_BUNDLE_IDENTIFIER = xiaozishenghuo.CalHeightDemoUITests;
				PRODUCT_NAME = "$(TARGET_NAME)";
				TARGETED_DEVICE_FAMILY = "1,2";
				TEST_TARGET_NAME = CalHeightDemo;
			};
			name = Debug;
		};
		1F25A0721FCFEBFF00BF70A3 /* Release */ = {
			isa = XCBuildConfiguration;
			buildSettings = {
				CODE_SIGN_STYLE = Automatic;
				INFOPLIST_FILE = CalHeightDemoUITests/Info.plist;
				LD_RUNPATH_SEARCH_PATHS = "$(inherited) @executable_path/Frameworks @loader_path/Frameworks";
				PRODUCT_BUNDLE_IDENTIFIER = xiaozishenghuo.CalHeightDemoUITests;
				PRODUCT_NAME = "$(TARGET_NAME)";
				TARGETED_DEVICE_FAMILY = "1,2";
				TEST_TARGET_NAME = CalHeightDemo;
			};
			name = Release;
		};
/* End XCBuildConfiguration section */

/* Begin XCConfigurationList section */
		1F25A0391FCFEBFF00BF70A3 /* Build configuration list for PBXProject "CalHeightDemo" */ = {
			isa = XCConfigurationList;
			buildConfigurations = (
				1F25A0681FCFEBFF00BF70A3 /* Debug */,
				1F25A0691FCFEBFF00BF70A3 /* Release */,
			);
			defaultConfigurationIsVisible = 0;
			defaultConfigurationName = Release;
		};
		1F25A06A1FCFEBFF00BF70A3 /* Build configuration list for PBXNativeTarget "CalHeightDemo" */ = {
			isa = XCConfigurationList;
			buildConfigurations = (
				1F25A06B1FCFEBFF00BF70A3 /* Debug */,
				1F25A06C1FCFEBFF00BF70A3 /* Release */,
			);
			defaultConfigurationIsVisible = 0;
			defaultConfigurationName = Release;
		};
		1F25A06D1FCFEBFF00BF70A3 /* Build configuration list for PBXNativeTarget "CalHeightDemoTests" */ = {
			isa = XCConfigurationList;
			buildConfigurations = (
				1F25A06E1FCFEBFF00BF70A3 /* Debug */,
				1F25A06F1FCFEBFF00BF70A3 /* Release */,
			);
			defaultConfigurationIsVisible = 0;
			defaultConfigurationName = Release;
		};
		1F25A0701FCFEBFF00BF70A3 /* Build configuration list for PBXNativeTarget "CalHeightDemoUITests" */ = {
			isa = XCConfigurationList;
			buildConfigurations = (
				1F25A0711FCFEBFF00BF70A3 /* Debug */,
				1F25A0721FCFEBFF00BF70A3 /* Release */,
			);
			defaultConfigurationIsVisible = 0;
			defaultConfigurationName = Release;
		};
/* End XCConfigurationList section */
	};
	rootObject = 1F25A0361FCFEBFF00BF70A3 /* Project object */;
}
